
Microsoft Visual Studio Solution File, Format Version 12.00
# Visual Studio 15
VisualStudioVersion = 15.0.26228.4
MinimumVisualStudioVersion = 10.0.40219.1
Project("{FAE04EC0-301F-11D3-BF4B-00C04F79EFBC}") = "XXHash", "XXHash\XXHash.csproj", "{07A778A1-F8B0-4FC3-85C8-E358429CA9C6}"
EndProject
Project("{FAE04EC0-301F-11D3-BF4B-00C04F79EFBC}") = "XXHashBenchmarks", "XXHashBenchmarks\XXHashBenchmarks.csproj", "{DCCBD747-E1BA-4284-B80F-2F80F8A17706}"
EndProject
Project("{FAE04EC0-301F-11D3-BF4B-00C04F79EFBC}") = "XXHashTests", "XXHashTests\XXHashTests.csproj", "{90D06A7C-9019-4C2F-8EE7-034AFED95CF2}"
EndProject
Global
	GlobalSection(SolutionConfigurationPlatforms) = preSolution
		Debug|Any CPU = Debug|Any CPU
		Release|Any CPU = Release|Any CPU
	EndGlobalSection
	GlobalSection(ProjectConfigurationPlatforms) = postSolution
		{07A778A1-F8B0-4FC3-85C8-E358429CA9C6}.Debug|Any CPU.ActiveCfg = Debug|Any CPU
		{07A778A1-F8B0-4FC3-85C8-E358429CA9C6}.Debug|Any CPU.Build.0 = Debug|Any CPU
		{07A778A1-F8B0-4FC3-85C8-E358429CA9C6}.Release|Any CPU.ActiveCfg = Release|Any CPU
		{07A778A1-F8B0-4FC3-85C8-E358429CA9C6}.Release|Any CPU.Build.0 = Release|Any CPU
		{DCCBD747-E1BA-4284-B80F-2F80F8A17706}.Debug|Any CPU.ActiveCfg = Debug|Any CPU
		{DCCBD747-E1BA-4284-B80F-2F80F8A17706}.Debug|Any CPU.Build.0 = Debug|Any CPU
		{DCCBD747-E1BA-4284-B80F-2F80F8A17706}.Release|Any CPU.ActiveCfg = Release|Any CPU
		{DCCBD747-E1BA-4284-B80F-2F80F8A17706}.Release|Any CPU.Build.0 = Release|Any CPU
		{90D06A7C-9019-4C2F-8EE7-034AFED95CF2}.Debug|Any CPU.ActiveCfg = Debug|Any CPU
		{90D06A7C-9019-4C2F-8EE7-034AFED95CF2}.Debug|Any CPU.Build.0 = Debug|Any CPU
		{90D06A7C-9019-4C2F-8EE7-034AFED95CF2}.Release|Any CPU.ActiveCfg = Release|Any CPU
		{90D06A7C-9019-4C2F-8EE7-034AFED95CF2}.Release|Any CPU.Build.0 = Release|Any CPU
	EndGlobalSection
	GlobalSection(SolutionProperties) = preSolution
		HideSolutionNode = FALSE
	EndGlobalSection
EndGlobal
