
Microsoft Visual Studio Solution File, Format Version 12.00
# Visual Studio 15
VisualStudioVersion = 15.0.26621.2
MinimumVisualStudioVersion = 10.0.40219.1
Project("{FAE04EC0-301F-11D3-BF4B-00C04F79EFBC}") = "XXHashTests", "XXHashTests\XXHashTests.csproj", "{90D06A7C-9019-4C2F-8EE7-034AFED95CF2}"
EndProject
Project("{FAE04EC0-301F-11D3-BF4B-00C04F79EFBC}") = "XXHash-NetCore", "XXHash-NetCore\XXHash-NetCore.csproj", "{B097C7AC-9E16-47FC-AFA5-7B47131C0549}"
EndProject
Project("{FAE04EC0-301F-11D3-BF4B-00C04F79EFBC}") = "XXHash", "XXHash\XXHash.csproj", "{75CC731B-EC65-4DDE-A030-E1725AF3AE6B}"
EndProject
Project("{FAE04EC0-301F-11D3-BF4B-00C04F79EFBC}") = "XXHashBenchmarks", "XXHashBenchmarks\XXHashBenchmarks.csproj", "{29B10EB6-81C0-4026-A321-0F622AE8CE75}"
EndProject
Project("{FAE04EC0-301F-11D3-BF4B-00C04F79EFBC}") = "XXHash-Net45", "XXHash-Net45\XXHash-Net45.csproj", "{E237711B-0143-4571-A06B-6C9A93202177}"
EndProject
Global
	GlobalSection(SolutionConfigurationPlatforms) = preSolution
		Debug|Any CPU = Debug|Any CPU
		Release|Any CPU = Release|Any CPU
	EndGlobalSection
	GlobalSection(ProjectConfigurationPlatforms) = postSolution
		{90D06A7C-9019-4C2F-8EE7-034AFED95CF2}.Debug|Any CPU.ActiveCfg = Debug|Any CPU
		{90D06A7C-9019-4C2F-8EE7-034AFED95CF2}.Debug|Any CPU.Build.0 = Debug|Any CPU
		{90D06A7C-9019-4C2F-8EE7-034AFED95CF2}.Release|Any CPU.ActiveCfg = Release|Any CPU
		{90D06A7C-9019-4C2F-8EE7-034AFED95CF2}.Release|Any CPU.Build.0 = Release|Any CPU
		{B097C7AC-9E16-47FC-AFA5-7B47131C0549}.Debug|Any CPU.ActiveCfg = Debug|Any CPU
		{B097C7AC-9E16-47FC-AFA5-7B47131C0549}.Debug|Any CPU.Build.0 = Debug|Any CPU
		{B097C7AC-9E16-47FC-AFA5-7B47131C0549}.Release|Any CPU.ActiveCfg = Release|Any CPU
		{B097C7AC-9E16-47FC-AFA5-7B47131C0549}.Release|Any CPU.Build.0 = Release|Any CPU
		{75CC731B-EC65-4DDE-A030-E1725AF3AE6B}.Debug|Any CPU.ActiveCfg = Debug|Any CPU
		{75CC731B-EC65-4DDE-A030-E1725AF3AE6B}.Debug|Any CPU.Build.0 = Debug|Any CPU
		{75CC731B-EC65-4DDE-A030-E1725AF3AE6B}.Release|Any CPU.ActiveCfg = Release|Any CPU
		{75CC731B-EC65-4DDE-A030-E1725AF3AE6B}.Release|Any CPU.Build.0 = Release|Any CPU
		{29B10EB6-81C0-4026-A321-0F622AE8CE75}.Debug|Any CPU.ActiveCfg = Debug|Any CPU
		{29B10EB6-81C0-4026-A321-0F622AE8CE75}.Debug|Any CPU.Build.0 = Debug|Any CPU
		{29B10EB6-81C0-4026-A321-0F622AE8CE75}.Release|Any CPU.ActiveCfg = Release|Any CPU
		{29B10EB6-81C0-4026-A321-0F622AE8CE75}.Release|Any CPU.Build.0 = Release|Any CPU
		{E237711B-0143-4571-A06B-6C9A93202177}.Debug|Any CPU.ActiveCfg = Debug|Any CPU
		{E237711B-0143-4571-A06B-6C9A93202177}.Debug|Any CPU.Build.0 = Debug|Any CPU
		{E237711B-0143-4571-A06B-6C9A93202177}.Release|Any CPU.ActiveCfg = Release|Any CPU
		{E237711B-0143-4571-A06B-6C9A93202177}.Release|Any CPU.Build.0 = Release|Any CPU
	EndGlobalSection
	GlobalSection(SolutionProperties) = preSolution
		HideSolutionNode = FALSE
	EndGlobalSection
	GlobalSection(ExtensibilityGlobals) = postSolution
		SolutionGuid = {94389B48-4AD9-4DCF-9B5A-2F4F4401DC11}
	EndGlobalSection
EndGlobal
